// !$*UTF8*$!
{
	archiveVersion = 1;
	classes = {
	};
	objectVersion = 46;
	objects = {

/* Begin PBXBuildFile section */
		6C01E79F1CF98F5000FF15C0 /* all.png in Resources */ = {isa = PBXBuildFile; fileRef = 6C01E7991CF98F5000FF15C0 /* all.png */; };
		6C01E7A01CF98F5000FF15C0 /* allS.png in Resources */ = {isa = PBXBuildFile; fileRef = 6C01E79A1CF98F5000FF15C0 /* allS.png */; };
		6C01E7A11CF98F5000FF15C0 /* home.png in Resources */ = {isa = PBXBuildFile; fileRef = 6C01E79B1CF98F5000FF15C0 /* home.png */; };
		6C01E7A21CF98F5000FF15C0 /* homeS.png in Resources */ = {isa = PBXBuildFile; fileRef = 6C01E79C1CF98F5000FF15C0 /* homeS.png */; };
		6C01E7A31CF98F5000FF15C0 /* rank.png in Resources */ = {isa = PBXBuildFile; fileRef = 6C01E79D1CF98F5000FF15C0 /* rank.png */; };
		6C01E7A41CF98F5000FF15C0 /* rankS.png in Resources */ = {isa = PBXBuildFile; fileRef = 6C01E79E1CF98F5000FF15C0 /* rankS.png */; };
		6C060C6B1CFA296500133525 /* HomeCell.m in Sources */ = {isa = PBXBuildFile; fileRef = 6C060C691CFA296500133525 /* HomeCell.m */; };
		6C060C6C1CFA296500133525 /* HomeCell.xib in Resources */ = {isa = PBXBuildFile; fileRef = 6C060C6A1CFA296500133525 /* HomeCell.xib */; };
		6C060C6E1CFA2DE400133525 /* test1.jpg in Resources */ = {isa = PBXBuildFile; fileRef = 6C060C6D1CFA2DE400133525 /* test1.jpg */; };
		6C060C701CFA347E00133525 /* test2.jpg in Resources */ = {isa = PBXBuildFile; fileRef = 6C060C6F1CFA347E00133525 /* test2.jpg */; };
		6C060C861CFA34E300133525 /* MKAnnotationView+WebCache.m in Sources */ = {isa = PBXBuildFile; fileRef = 6C060C731CFA34E300133525 /* MKAnnotationView+WebCache.m */; };
		6C060C871CFA34E300133525 /* SDImageCache.m in Sources */ = {isa = PBXBuildFile; fileRef = 6C060C751CFA34E300133525 /* SDImageCache.m */; };
		6C060C881CFA34E300133525 /* SDWebImageDecoder.m in Sources */ = {isa = PBXBuildFile; fileRef = 6C060C791CFA34E300133525 /* SDWebImageDecoder.m */; };
		6C060C891CFA34E300133525 /* SDWebImageDownloader.m in Sources */ = {isa = PBXBuildFile; fileRef = 6C060C7B1CFA34E300133525 /* SDWebImageDownloader.m */; };
		6C060C8A1CFA34E300133525 /* SDWebImageManager.m in Sources */ = {isa = PBXBuildFile; fileRef = 6C060C7E1CFA34E300133525 /* SDWebImageManager.m */; };
		6C060C8B1CFA34E300133525 /* SDWebImagePrefetcher.m in Sources */ = {isa = PBXBuildFile; fileRef = 6C060C811CFA34E300133525 /* SDWebImagePrefetcher.m */; };
		6C060C8C1CFA34E300133525 /* UIButton+WebCache.m in Sources */ = {isa = PBXBuildFile; fileRef = 6C060C831CFA34E300133525 /* UIButton+WebCache.m */; };
		6C060C8D1CFA34E300133525 /* UIImageView+WebCache.m in Sources */ = {isa = PBXBuildFile; fileRef = 6C060C851CFA34E300133525 /* UIImageView+WebCache.m */; };
		6C060C931CFA377900133525 /* DCPicScrollView.m in Sources */ = {isa = PBXBuildFile; fileRef = 6C060C8F1CFA377900133525 /* DCPicScrollView.m */; };
		6C060C941CFA377900133525 /* DCWebImageManager.m in Sources */ = {isa = PBXBuildFile; fileRef = 6C060C911CFA377900133525 /* DCWebImageManager.m */; };
		6C060C9A1CFA3AC900133525 /* banner1.jpg in Resources */ = {isa = PBXBuildFile; fileRef = 6C060C961CFA3AC900133525 /* banner1.jpg */; };
		6C060C9B1CFA3AC900133525 /* banner2.jpg in Resources */ = {isa = PBXBuildFile; fileRef = 6C060C971CFA3AC900133525 /* banner2.jpg */; };
		6C060C9C1CFA3AC900133525 /* banner3.jpg in Resources */ = {isa = PBXBuildFile; fileRef = 6C060C981CFA3AC900133525 /* banner3.jpg */; };
		6C060C9D1CFA3AC900133525 /* banner4.jpg in Resources */ = {isa = PBXBuildFile; fileRef = 6C060C991CFA3AC900133525 /* banner4.jpg */; };
		6CF9756B1CFC83D000E2E4C5 /* allPng.png in Resources */ = {isa = PBXBuildFile; fileRef = 6CF975691CFC83D000E2E4C5 /* allPng.png */; };
		6CF9756C1CFC83D000E2E4C5 /* rankPng.png in Resources */ = {isa = PBXBuildFile; fileRef = 6CF9756A1CFC83D000E2E4C5 /* rankPng.png */; };
		6CFF3E751CF8744E0075B21C /* main.m in Sources */ = {isa = PBXBuildFile; fileRef = 6CFF3E741CF8744E0075B21C /* main.m */; };
		6CFF3E781CF8744E0075B21C /* AppDelegate.m in Sources */ = {isa = PBXBuildFile; fileRef = 6CFF3E771CF8744E0075B21C /* AppDelegate.m */; };
		6CFF3E7B1CF8744E0075B21C /* ViewController.m in Sources */ = {isa = PBXBuildFile; fileRef = 6CFF3E7A1CF8744E0075B21C /* ViewController.m */; };
		6CFF3E7E1CF8744E0075B21C /* Main.storyboard in Resources */ = {isa = PBXBuildFile; fileRef = 6CFF3E7C1CF8744E0075B21C /* Main.storyboard */; };
		6CFF3E801CF8744E0075B21C /* Assets.xcassets in Resources */ = {isa = PBXBuildFile; fileRef = 6CFF3E7F1CF8744E0075B21C /* Assets.xcassets */; };
		6CFF3E831CF8744E0075B21C /* LaunchScreen.storyboard in Resources */ = {isa = PBXBuildFile; fileRef = 6CFF3E811CF8744E0075B21C /* LaunchScreen.storyboard */; };
		6CFF3E8E1CF8744E0075B21C /* VideoRankerTests.m in Sources */ = {isa = PBXBuildFile; fileRef = 6CFF3E8D1CF8744E0075B21C /* VideoRankerTests.m */; };
		6CFF3E991CF8744E0075B21C /* VideoRankerUITests.m in Sources */ = {isa = PBXBuildFile; fileRef = 6CFF3E981CF8744E0075B21C /* VideoRankerUITests.m */; };
		6CFF3ED21CF87CED0075B21C /* YGHUIBarButtonItem.m in Sources */ = {isa = PBXBuildFile; fileRef = 6CFF3EB41CF87CED0075B21C /* YGHUIBarButtonItem.m */; };
		6CFF3ED31CF87CED0075B21C /* category_default@2x.png in Resources */ = {isa = PBXBuildFile; fileRef = 6CFF3EB61CF87CED0075B21C /* category_default@2x.png */; };
		6CFF3ED41CF87CED0075B21C /* category_selected@2x.png in Resources */ = {isa = PBXBuildFile; fileRef = 6CFF3EB71CF87CED0075B21C /* category_selected@2x.png */; };
		6CFF3ED51CF87CED0075B21C /* homePage_default@2x.png in Resources */ = {isa = PBXBuildFile; fileRef = 6CFF3EB81CF87CED0075B21C /* homePage_default@2x.png */; };
		6CFF3ED61CF87CED0075B21C /* homePage_selected@2x.png in Resources */ = {isa = PBXBuildFile; fileRef = 6CFF3EB91CF87CED0075B21C /* homePage_selected@2x.png */; };
		6CFF3ED71CF87CED0075B21C /* myYigou_default@2x.png in Resources */ = {isa = PBXBuildFile; fileRef = 6CFF3EBA1CF87CED0075B21C /* myYigou_default@2x.png */; };
		6CFF3ED81CF87CED0075B21C /* myYigou_selected@2x.png in Resources */ = {isa = PBXBuildFile; fileRef = 6CFF3EBB1CF87CED0075B21C /* myYigou_selected@2x.png */; };
		6CFF3ED91CF87CED0075B21C /* search_default@2x.png in Resources */ = {isa = PBXBuildFile; fileRef = 6CFF3EBC1CF87CED0075B21C /* search_default@2x.png */; };
		6CFF3EDA1CF87CED0075B21C /* search_selected@2x.png in Resources */ = {isa = PBXBuildFile; fileRef = 6CFF3EBD1CF87CED0075B21C /* search_selected@2x.png */; };
		6CFF3EDB1CF87CED0075B21C /* shopCart_default@2x.png in Resources */ = {isa = PBXBuildFile; fileRef = 6CFF3EBE1CF87CED0075B21C /* shopCart_default@2x.png */; };
		6CFF3EDC1CF87CED0075B21C /* shopCart_selected@2x.png in Resources */ = {isa = PBXBuildFile; fileRef = 6CFF3EBF1CF87CED0075B21C /* shopCart_selected@2x.png */; };
		6CFF3EDD1CF87CED0075B21C /* bagePoint@2x.png in Resources */ = {isa = PBXBuildFile; fileRef = 6CFF3EC01CF87CED0075B21C /* bagePoint@2x.png */; };
		6CFF3EDE1CF87CED0075B21C /* nav_back_normal@2x.png in Resources */ = {isa = PBXBuildFile; fileRef = 6CFF3EC11CF87CED0075B21C /* nav_back_normal@2x.png */; };
		6CFF3EDF1CF87CED0075B21C /* nav_back_select@2x.png in Resources */ = {isa = PBXBuildFile; fileRef = 6CFF3EC21CF87CED0075B21C /* nav_back_select@2x.png */; };
		6CFF3EE01CF87CED0075B21C /* YGHTabBarController.m in Sources */ = {isa = PBXBuildFile; fileRef = 6CFF3EC51CF87CED0075B21C /* YGHTabBarController.m */; };
		6CFF3EE11CF87CED0075B21C /* YGHScreenShotNavViewController.m in Sources */ = {isa = PBXBuildFile; fileRef = 6CFF3EC71CF87CED0075B21C /* YGHScreenShotNavViewController.m */; };
		6CFF3EE21CF87CED0075B21C /* YGHScreenShotView.m in Sources */ = {isa = PBXBuildFile; fileRef = 6CFF3EC91CF87CED0075B21C /* YGHScreenShotView.m */; };
		6CFF3EE31CF87CED0075B21C /* YGHAuthManagerNavViewController.m in Sources */ = {isa = PBXBuildFile; fileRef = 6CFF3ECB1CF87CED0075B21C /* YGHAuthManagerNavViewController.m */; };
		6CFF3EE41CF87CED0075B21C /* YGHAuthNavigationBar.m in Sources */ = {isa = PBXBuildFile; fileRef = 6CFF3ECD1CF87CED0075B21C /* YGHAuthNavigationBar.m */; };
		6CFF3EE51CF87CED0075B21C /* NSObject+BoardManage.m in Sources */ = {isa = PBXBuildFile; fileRef = 6CFF3ECF1CF87CED0075B21C /* NSObject+BoardManage.m */; };
		6CFF3EEC1CF880FB0075B21C /* HomeViewController.m in Sources */ = {isa = PBXBuildFile; fileRef = 6CFF3EEA1CF880FB0075B21C /* HomeViewController.m */; };
		6CFF3EED1CF880FB0075B21C /* HomeViewController.xib in Resources */ = {isa = PBXBuildFile; fileRef = 6CFF3EEB1CF880FB0075B21C /* HomeViewController.xib */; };
		6CFF3EF11CF881300075B21C /* RankViewController.m in Sources */ = {isa = PBXBuildFile; fileRef = 6CFF3EEF1CF881300075B21C /* RankViewController.m */; };
		6CFF3EF21CF881300075B21C /* RankViewController.xib in Resources */ = {isa = PBXBuildFile; fileRef = 6CFF3EF01CF881300075B21C /* RankViewController.xib */; };
		6CFF3EF61CF881680075B21C /* AllViewController.m in Sources */ = {isa = PBXBuildFile; fileRef = 6CFF3EF41CF881680075B21C /* AllViewController.m */; };
		6CFF3EF71CF881680075B21C /* AllViewController.xib in Resources */ = {isa = PBXBuildFile; fileRef = 6CFF3EF51CF881680075B21C /* AllViewController.xib */; };
/* End PBXBuildFile section */

/* Begin PBXContainerItemProxy section */
		6CFF3E8A1CF8744E0075B21C /* PBXContainerItemProxy */ = {
			isa = PBXContainerItemProxy;
			containerPortal = 6CFF3E681CF8744E0075B21C /* Project object */;
			proxyType = 1;
			remoteGlobalIDString = 6CFF3E6F1CF8744E0075B21C;
			remoteInfo = VideoRanker;
		};
		6CFF3E951CF8744E0075B21C /* PBXContainerItemProxy */ = {
			isa = PBXContainerItemProxy;
			containerPortal = 6CFF3E681CF8744E0075B21C /* Project object */;
			proxyType = 1;
			remoteGlobalIDString = 6CFF3E6F1CF8744E0075B21C;
			remoteInfo = VideoRanker;
		};
/* End PBXContainerItemProxy section */

/* Begin PBXFileReference section */
		6C01E7971CF989AB00FF15C0 /* Header.h */ = {isa = PBXFileReference; fileEncoding = 4; lastKnownFileType = sourcecode.c.h; path = Header.h; sourceTree = "<group>"; };
		6C01E7991CF98F5000FF15C0 /* all.png */ = {isa = PBXFileReference; lastKnownFileType = image.png; path = all.png; sourceTree = "<group>"; };
		6C01E79A1CF98F5000FF15C0 /* allS.png */ = {isa = PBXFileReference; lastKnownFileType = image.png; path = allS.png; sourceTree = "<group>"; };
		6C01E79B1CF98F5000FF15C0 /* home.png */ = {isa = PBXFileReference; lastKnownFileType = image.png; path = home.png; sourceTree = "<group>"; };
		6C01E79C1CF98F5000FF15C0 /* homeS.png */ = {isa = PBXFileReference; lastKnownFileType = image.png; path = homeS.png; sourceTree = "<group>"; };
		6C01E79D1CF98F5000FF15C0 /* rank.png */ = {isa = PBXFileReference; lastKnownFileType = image.png; path = rank.png; sourceTree = "<group>"; };
		6C01E79E1CF98F5000FF15C0 /* rankS.png */ = {isa = PBXFileReference; lastKnownFileType = image.png; path = rankS.png; sourceTree = "<group>"; };
		6C060C681CFA296500133525 /* HomeCell.h */ = {isa = PBXFileReference; fileEncoding = 4; lastKnownFileType = sourcecode.c.h; path = HomeCell.h; sourceTree = "<group>"; };
		6C060C691CFA296500133525 /* HomeCell.m */ = {isa = PBXFileReference; fileEncoding = 4; lastKnownFileType = sourcecode.c.objc; path = HomeCell.m; sourceTree = "<group>"; };
		6C060C6A1CFA296500133525 /* HomeCell.xib */ = {isa = PBXFileReference; fileEncoding = 4; lastKnownFileType = file.xib; path = HomeCell.xib; sourceTree = "<group>"; };
		6C060C6D1CFA2DE400133525 /* test1.jpg */ = {isa = PBXFileReference; lastKnownFileType = image.jpeg; path = test1.jpg; sourceTree = "<group>"; };
		6C060C6F1CFA347E00133525 /* test2.jpg */ = {isa = PBXFileReference; lastKnownFileType = image.jpeg; path = test2.jpg; sourceTree = "<group>"; };
		6C060C721CFA34E300133525 /* MKAnnotationView+WebCache.h */ = {isa = PBXFileReference; fileEncoding = 4; lastKnownFileType = sourcecode.c.h; path = "MKAnnotationView+WebCache.h"; sourceTree = "<group>"; };
		6C060C731CFA34E300133525 /* MKAnnotationView+WebCache.m */ = {isa = PBXFileReference; fileEncoding = 4; lastKnownFileType = sourcecode.c.objc; path = "MKAnnotationView+WebCache.m"; sourceTree = "<group>"; };
		6C060C741CFA34E300133525 /* SDImageCache.h */ = {isa = PBXFileReference; fileEncoding = 4; lastKnownFileType = sourcecode.c.h; path = SDImageCache.h; sourceTree = "<group>"; };
		6C060C751CFA34E300133525 /* SDImageCache.m */ = {isa = PBXFileReference; fileEncoding = 4; lastKnownFileType = sourcecode.c.objc; path = SDImageCache.m; sourceTree = "<group>"; };
		6C060C761CFA34E300133525 /* SDImageCacheDelegate.h */ = {isa = PBXFileReference; fileEncoding = 4; lastKnownFileType = sourcecode.c.h; path = SDImageCacheDelegate.h; sourceTree = "<group>"; };
		6C060C771CFA34E300133525 /* SDWebImageCompat.h */ = {isa = PBXFileReference; fileEncoding = 4; lastKnownFileType = sourcecode.c.h; path = SDWebImageCompat.h; sourceTree = "<group>"; };
		6C060C781CFA34E300133525 /* SDWebImageDecoder.h */ = {isa = PBXFileReference; fileEncoding = 4; lastKnownFileType = sourcecode.c.h; path = SDWebImageDecoder.h; sourceTree = "<group>"; };
		6C060C791CFA34E300133525 /* SDWebImageDecoder.m */ = {isa = PBXFileReference; fileEncoding = 4; lastKnownFileType = sourcecode.c.objc; path = SDWebImageDecoder.m; sourceTree = "<group>"; };
		6C060C7A1CFA34E300133525 /* SDWebImageDownloader.h */ = {isa = PBXFileReference; fileEncoding = 4; lastKnownFileType = sourcecode.c.h; path = SDWebImageDownloader.h; sourceTree = "<group>"; };
		6C060C7B1CFA34E300133525 /* SDWebImageDownloader.m */ = {isa = PBXFileReference; fileEncoding = 4; lastKnownFileType = sourcecode.c.objc; path = SDWebImageDownloader.m; sourceTree = "<group>"; };
		6C060C7C1CFA34E300133525 /* SDWebImageDownloaderDelegate.h */ = {isa = PBXFileReference; fileEncoding = 4; lastKnownFileType = sourcecode.c.h; path = SDWebImageDownloaderDelegate.h; sourceTree = "<group>"; };
		6C060C7D1CFA34E300133525 /* SDWebImageManager.h */ = {isa = PBXFileReference; fileEncoding = 4; lastKnownFileType = sourcecode.c.h; path = SDWebImageManager.h; sourceTree = "<group>"; };
		6C060C7E1CFA34E300133525 /* SDWebImageManager.m */ = {isa = PBXFileReference; fileEncoding = 4; lastKnownFileType = sourcecode.c.objc; path = SDWebImageManager.m; sourceTree = "<group>"; };
		6C060C7F1CFA34E300133525 /* SDWebImageManagerDelegate.h */ = {isa = PBXFileReference; fileEncoding = 4; lastKnownFileType = sourcecode.c.h; path = SDWebImageManagerDelegate.h; sourceTree = "<group>"; };
		6C060C801CFA34E300133525 /* SDWebImagePrefetcher.h */ = {isa = PBXFileReference; fileEncoding = 4; lastKnownFileType = sourcecode.c.h; path = SDWebImagePrefetcher.h; sourceTree = "<group>"; };
		6C060C811CFA34E300133525 /* SDWebImagePrefetcher.m */ = {isa = PBXFileReference; fileEncoding = 4; lastKnownFileType = sourcecode.c.objc; path = SDWebImagePrefetcher.m; sourceTree = "<group>"; };
		6C060C821CFA34E300133525 /* UIButton+WebCache.h */ = {isa = PBXFileReference; fileEncoding = 4; lastKnownFileType = sourcecode.c.h; path = "UIButton+WebCache.h"; sourceTree = "<group>"; };
		6C060C831CFA34E300133525 /* UIButton+WebCache.m */ = {isa = PBXFileReference; fileEncoding = 4; lastKnownFileType = sourcecode.c.objc; path = "UIButton+WebCache.m"; sourceTree = "<group>"; };
		6C060C841CFA34E300133525 /* UIImageView+WebCache.h */ = {isa = PBXFileReference; fileEncoding = 4; lastKnownFileType = sourcecode.c.h; path = "UIImageView+WebCache.h"; sourceTree = "<group>"; };
		6C060C851CFA34E300133525 /* UIImageView+WebCache.m */ = {isa = PBXFileReference; fileEncoding = 4; lastKnownFileType = sourcecode.c.objc; path = "UIImageView+WebCache.m"; sourceTree = "<group>"; };
		6C060C8E1CFA377900133525 /* DCPicScrollView.h */ = {isa = PBXFileReference; fileEncoding = 4; lastKnownFileType = sourcecode.c.h; path = DCPicScrollView.h; sourceTree = "<group>"; };
		6C060C8F1CFA377900133525 /* DCPicScrollView.m */ = {isa = PBXFileReference; fileEncoding = 4; lastKnownFileType = sourcecode.c.objc; path = DCPicScrollView.m; sourceTree = "<group>"; };
		6C060C901CFA377900133525 /* DCWebImageManager.h */ = {isa = PBXFileReference; fileEncoding = 4; lastKnownFileType = sourcecode.c.h; path = DCWebImageManager.h; sourceTree = "<group>"; };
		6C060C911CFA377900133525 /* DCWebImageManager.m */ = {isa = PBXFileReference; fileEncoding = 4; lastKnownFileType = sourcecode.c.objc; path = DCWebImageManager.m; sourceTree = "<group>"; };
		6C060C961CFA3AC900133525 /* banner1.jpg */ = {isa = PBXFileReference; lastKnownFileType = image.jpeg; path = banner1.jpg; sourceTree = "<group>"; };
		6C060C971CFA3AC900133525 /* banner2.jpg */ = {isa = PBXFileReference; lastKnownFileType = image.jpeg; path = banner2.jpg; sourceTree = "<group>"; };
		6C060C981CFA3AC900133525 /* banner3.jpg */ = {isa = PBXFileReference; lastKnownFileType = image.jpeg; path = banner3.jpg; sourceTree = "<group>"; };
		6C060C991CFA3AC900133525 /* banner4.jpg */ = {isa = PBXFileReference; lastKnownFileType = image.jpeg; path = banner4.jpg; sourceTree = "<group>"; };
		6CF975691CFC83D000E2E4C5 /* allPng.png */ = {isa = PBXFileReference; lastKnownFileType = image.png; path = allPng.png; sourceTree = "<group>"; };
		6CF9756A1CFC83D000E2E4C5 /* rankPng.png */ = {isa = PBXFileReference; lastKnownFileType = image.png; path = rankPng.png; sourceTree = "<group>"; };
		6CFF3E701CF8744E0075B21C /* VideoRanker.app */ = {isa = PBXFileReference; explicitFileType = wrapper.application; includeInIndex = 0; path = VideoRanker.app; sourceTree = BUILT_PRODUCTS_DIR; };
		6CFF3E741CF8744E0075B21C /* main.m */ = {isa = PBXFileReference; lastKnownFileType = sourcecode.c.objc; path = main.m; sourceTree = "<group>"; };
		6CFF3E761CF8744E0075B21C /* AppDelegate.h */ = {isa = PBXFileReference; lastKnownFileType = sourcecode.c.h; path = AppDelegate.h; sourceTree = "<group>"; };
		6CFF3E771CF8744E0075B21C /* AppDelegate.m */ = {isa = PBXFileReference; lastKnownFileType = sourcecode.c.objc; path = AppDelegate.m; sourceTree = "<group>"; };
		6CFF3E791CF8744E0075B21C /* ViewController.h */ = {isa = PBXFileReference; lastKnownFileType = sourcecode.c.h; path = ViewController.h; sourceTree = "<group>"; };
		6CFF3E7A1CF8744E0075B21C /* ViewController.m */ = {isa = PBXFileReference; lastKnownFileType = sourcecode.c.objc; path = ViewController.m; sourceTree = "<group>"; };
		6CFF3E7D1CF8744E0075B21C /* Base */ = {isa = PBXFileReference; lastKnownFileType = file.storyboard; name = Base; path = Base.lproj/Main.storyboard; sourceTree = "<group>"; };
		6CFF3E7F1CF8744E0075B21C /* Assets.xcassets */ = {isa = PBXFileReference; lastKnownFileType = folder.assetcatalog; path = Assets.xcassets; sourceTree = "<group>"; };
		6CFF3E821CF8744E0075B21C /* Base */ = {isa = PBXFileReference; lastKnownFileType = file.storyboard; name = Base; path = Base.lproj/LaunchScreen.storyboard; sourceTree = "<group>"; };
		6CFF3E841CF8744E0075B21C /* Info.plist */ = {isa = PBXFileReference; lastKnownFileType = text.plist.xml; path = Info.plist; sourceTree = "<group>"; };
		6CFF3E891CF8744E0075B21C /* VideoRankerTests.xctest */ = {isa = PBXFileReference; explicitFileType = wrapper.cfbundle; includeInIndex = 0; path = VideoRankerTests.xctest; sourceTree = BUILT_PRODUCTS_DIR; };
		6CFF3E8D1CF8744E0075B21C /* VideoRankerTests.m */ = {isa = PBXFileReference; lastKnownFileType = sourcecode.c.objc; path = VideoRankerTests.m; sourceTree = "<group>"; };
		6CFF3E8F1CF8744E0075B21C /* Info.plist */ = {isa = PBXFileReference; lastKnownFileType = text.plist.xml; path = Info.plist; sourceTree = "<group>"; };
		6CFF3E941CF8744E0075B21C /* VideoRankerUITests.xctest */ = {isa = PBXFileReference; explicitFileType = wrapper.cfbundle; includeInIndex = 0; path = VideoRankerUITests.xctest; sourceTree = BUILT_PRODUCTS_DIR; };
		6CFF3E981CF8744E0075B21C /* VideoRankerUITests.m */ = {isa = PBXFileReference; lastKnownFileType = sourcecode.c.objc; path = VideoRankerUITests.m; sourceTree = "<group>"; };
		6CFF3E9A1CF8744E0075B21C /* Info.plist */ = {isa = PBXFileReference; lastKnownFileType = text.plist.xml; path = Info.plist; sourceTree = "<group>"; };
		6CFF3EB31CF87CED0075B21C /* YGHUIBarButtonItem.h */ = {isa = PBXFileReference; fileEncoding = 4; lastKnownFileType = sourcecode.c.h; path = YGHUIBarButtonItem.h; sourceTree = "<group>"; };
		6CFF3EB41CF87CED0075B21C /* YGHUIBarButtonItem.m */ = {isa = PBXFileReference; fileEncoding = 4; lastKnownFileType = sourcecode.c.objc; path = YGHUIBarButtonItem.m; sourceTree = "<group>"; };
		6CFF3EB61CF87CED0075B21C /* category_default@2x.png */ = {isa = PBXFileReference; lastKnownFileType = image.png; path = "category_default@2x.png"; sourceTree = "<group>"; };
		6CFF3EB71CF87CED0075B21C /* category_selected@2x.png */ = {isa = PBXFileReference; lastKnownFileType = image.png; path = "category_selected@2x.png"; sourceTree = "<group>"; };
		6CFF3EB81CF87CED0075B21C /* homePage_default@2x.png */ = {isa = PBXFileReference; lastKnownFileType = image.png; path = "homePage_default@2x.png"; sourceTree = "<group>"; };
		6CFF3EB91CF87CED0075B21C /* homePage_selected@2x.png */ = {isa = PBXFileReference; lastKnownFileType = image.png; path = "homePage_selected@2x.png"; sourceTree = "<group>"; };
		6CFF3EBA1CF87CED0075B21C /* myYigou_default@2x.png */ = {isa = PBXFileReference; lastKnownFileType = image.png; path = "myYigou_default@2x.png"; sourceTree = "<group>"; };
		6CFF3EBB1CF87CED0075B21C /* myYigou_selected@2x.png */ = {isa = PBXFileReference; lastKnownFileType = image.png; path = "myYigou_selected@2x.png"; sourceTree = "<group>"; };
		6CFF3EBC1CF87CED0075B21C /* search_default@2x.png */ = {isa = PBXFileReference; lastKnownFileType = image.png; path = "search_default@2x.png"; sourceTree = "<group>"; };
		6CFF3EBD1CF87CED0075B21C /* search_selected@2x.png */ = {isa = PBXFileReference; lastKnownFileType = image.png; path = "search_selected@2x.png"; sourceTree = "<group>"; };
		6CFF3EBE1CF87CED0075B21C /* shopCart_default@2x.png */ = {isa = PBXFileReference; lastKnownFileType = image.png; path = "shopCart_default@2x.png"; sourceTree = "<group>"; };
		6CFF3EBF1CF87CED0075B21C /* shopCart_selected@2x.png */ = {isa = PBXFileReference; lastKnownFileType = image.png; path = "shopCart_selected@2x.png"; sourceTree = "<group>"; };
		6CFF3EC01CF87CED0075B21C /* bagePoint@2x.png */ = {isa = PBXFileReference; lastKnownFileType = image.png; path = "bagePoint@2x.png"; sourceTree = "<group>"; };
		6CFF3EC11CF87CED0075B21C /* nav_back_normal@2x.png */ = {isa = PBXFileReference; lastKnownFileType = image.png; path = "nav_back_normal@2x.png"; sourceTree = "<group>"; };
		6CFF3EC21CF87CED0075B21C /* nav_back_select@2x.png */ = {isa = PBXFileReference; lastKnownFileType = image.png; path = "nav_back_select@2x.png"; sourceTree = "<group>"; };
		6CFF3EC41CF87CED0075B21C /* YGHTabBarController.h */ = {isa = PBXFileReference; fileEncoding = 4; lastKnownFileType = sourcecode.c.h; path = YGHTabBarController.h; sourceTree = "<group>"; };
		6CFF3EC51CF87CED0075B21C /* YGHTabBarController.m */ = {isa = PBXFileReference; fileEncoding = 4; lastKnownFileType = sourcecode.c.objc; path = YGHTabBarController.m; sourceTree = "<group>"; };
		6CFF3EC61CF87CED0075B21C /* YGHScreenShotNavViewController.h */ = {isa = PBXFileReference; fileEncoding = 4; lastKnownFileType = sourcecode.c.h; path = YGHScreenShotNavViewController.h; sourceTree = "<group>"; };
		6CFF3EC71CF87CED0075B21C /* YGHScreenShotNavViewController.m */ = {isa = PBXFileReference; fileEncoding = 4; lastKnownFileType = sourcecode.c.objc; path = YGHScreenShotNavViewController.m; sourceTree = "<group>"; };
		6CFF3EC81CF87CED0075B21C /* YGHScreenShotView.h */ = {isa = PBXFileReference; fileEncoding = 4; lastKnownFileType = sourcecode.c.h; path = YGHScreenShotView.h; sourceTree = "<group>"; };
		6CFF3EC91CF87CED0075B21C /* YGHScreenShotView.m */ = {isa = PBXFileReference; fileEncoding = 4; lastKnownFileType = sourcecode.c.objc; path = YGHScreenShotView.m; sourceTree = "<group>"; };
		6CFF3ECA1CF87CED0075B21C /* YGHAuthManagerNavViewController.h */ = {isa = PBXFileReference; fileEncoding = 4; lastKnownFileType = sourcecode.c.h; path = YGHAuthManagerNavViewController.h; sourceTree = "<group>"; };
		6CFF3ECB1CF87CED0075B21C /* YGHAuthManagerNavViewController.m */ = {isa = PBXFileReference; fileEncoding = 4; lastKnownFileType = sourcecode.c.objc; path = YGHAuthManagerNavViewController.m; sourceTree = "<group>"; };
		6CFF3ECC1CF87CED0075B21C /* YGHAuthNavigationBar.h */ = {isa = PBXFileReference; fileEncoding = 4; lastKnownFileType = sourcecode.c.h; path = YGHAuthNavigationBar.h; sourceTree = "<group>"; };
		6CFF3ECD1CF87CED0075B21C /* YGHAuthNavigationBar.m */ = {isa = PBXFileReference; fileEncoding = 4; lastKnownFileType = sourcecode.c.objc; path = YGHAuthNavigationBar.m; sourceTree = "<group>"; };
		6CFF3ECE1CF87CED0075B21C /* NSObject+BoardManage.h */ = {isa = PBXFileReference; fileEncoding = 4; lastKnownFileType = sourcecode.c.h; path = "NSObject+BoardManage.h"; sourceTree = "<group>"; };
		6CFF3ECF1CF87CED0075B21C /* NSObject+BoardManage.m */ = {isa = PBXFileReference; fileEncoding = 4; lastKnownFileType = sourcecode.c.objc; path = "NSObject+BoardManage.m"; sourceTree = "<group>"; };
		6CFF3EE91CF880FB0075B21C /* HomeViewController.h */ = {isa = PBXFileReference; fileEncoding = 4; lastKnownFileType = sourcecode.c.h; path = HomeViewController.h; sourceTree = "<group>"; };
		6CFF3EEA1CF880FB0075B21C /* HomeViewController.m */ = {isa = PBXFileReference; fileEncoding = 4; lastKnownFileType = sourcecode.c.objc; path = HomeViewController.m; sourceTree = "<group>"; };
		6CFF3EEB1CF880FB0075B21C /* HomeViewController.xib */ = {isa = PBXFileReference; fileEncoding = 4; lastKnownFileType = file.xib; path = HomeViewController.xib; sourceTree = "<group>"; };
		6CFF3EEE1CF881300075B21C /* RankViewController.h */ = {isa = PBXFileReference; fileEncoding = 4; lastKnownFileType = sourcecode.c.h; path = RankViewController.h; sourceTree = "<group>"; };
		6CFF3EEF1CF881300075B21C /* RankViewController.m */ = {isa = PBXFileReference; fileEncoding = 4; lastKnownFileType = sourcecode.c.objc; path = RankViewController.m; sourceTree = "<group>"; };
		6CFF3EF01CF881300075B21C /* RankViewController.xib */ = {isa = PBXFileReference; fileEncoding = 4; lastKnownFileType = file.xib; path = RankViewController.xib; sourceTree = "<group>"; };
		6CFF3EF31CF881680075B21C /* AllViewController.h */ = {isa = PBXFileReference; fileEncoding = 4; lastKnownFileType = sourcecode.c.h; path = AllViewController.h; sourceTree = "<group>"; };
		6CFF3EF41CF881680075B21C /* AllViewController.m */ = {isa = PBXFileReference; fileEncoding = 4; lastKnownFileType = sourcecode.c.objc; path = AllViewController.m; sourceTree = "<group>"; };
		6CFF3EF51CF881680075B21C /* AllViewController.xib */ = {isa = PBXFileReference; fileEncoding = 4; lastKnownFileType = file.xib; path = AllViewController.xib; sourceTree = "<group>"; };
/* End PBXFileReference section */

/* Begin PBXFrameworksBuildPhase section */
		6CFF3E6D1CF8744E0075B21C /* Frameworks */ = {
			isa = PBXFrameworksBuildPhase;
			buildActionMask = 2147483647;
			files = (
			);
			runOnlyForDeploymentPostprocessing = 0;
		};
		6CFF3E861CF8744E0075B21C /* Frameworks */ = {
			isa = PBXFrameworksBuildPhase;
			buildActionMask = 2147483647;
			files = (
			);
			runOnlyForDeploymentPostprocessing = 0;
		};
		6CFF3E911CF8744E0075B21C /* Frameworks */ = {
			isa = PBXFrameworksBuildPhase;
			buildActionMask = 2147483647;
			files = (
			);
			runOnlyForDeploymentPostprocessing = 0;
		};
/* End PBXFrameworksBuildPhase section */

/* Begin PBXGroup section */
		6C01E7981CF98F5000FF15C0 /* TabImg */ = {
			isa = PBXGroup;
			children = (
				6C01E7991CF98F5000FF15C0 /* all.png */,
				6C01E79A1CF98F5000FF15C0 /* allS.png */,
				6C01E79B1CF98F5000FF15C0 /* home.png */,
				6C01E79C1CF98F5000FF15C0 /* homeS.png */,
				6C01E79D1CF98F5000FF15C0 /* rank.png */,
				6C01E79E1CF98F5000FF15C0 /* rankS.png */,
			);
			path = TabImg;
			sourceTree = "<group>";
		};
		6C060C711CFA34E300133525 /* SDWebImage */ = {
			isa = PBXGroup;
			children = (
				6C060C721CFA34E300133525 /* MKAnnotationView+WebCache.h */,
				6C060C731CFA34E300133525 /* MKAnnotationView+WebCache.m */,
				6C060C741CFA34E300133525 /* SDImageCache.h */,
				6C060C751CFA34E300133525 /* SDImageCache.m */,
				6C060C761CFA34E300133525 /* SDImageCacheDelegate.h */,
				6C060C771CFA34E300133525 /* SDWebImageCompat.h */,
				6C060C781CFA34E300133525 /* SDWebImageDecoder.h */,
				6C060C791CFA34E300133525 /* SDWebImageDecoder.m */,
				6C060C7A1CFA34E300133525 /* SDWebImageDownloader.h */,
				6C060C7B1CFA34E300133525 /* SDWebImageDownloader.m */,
				6C060C7C1CFA34E300133525 /* SDWebImageDownloaderDelegate.h */,
				6C060C7D1CFA34E300133525 /* SDWebImageManager.h */,
				6C060C7E1CFA34E300133525 /* SDWebImageManager.m */,
				6C060C7F1CFA34E300133525 /* SDWebImageManagerDelegate.h */,
				6C060C801CFA34E300133525 /* SDWebImagePrefetcher.h */,
				6C060C811CFA34E300133525 /* SDWebImagePrefetcher.m */,
				6C060C821CFA34E300133525 /* UIButton+WebCache.h */,
				6C060C831CFA34E300133525 /* UIButton+WebCache.m */,
				6C060C841CFA34E300133525 /* UIImageView+WebCache.h */,
				6C060C851CFA34E300133525 /* UIImageView+WebCache.m */,
			);
			path = SDWebImage;
			sourceTree = "<group>";
		};
		6C060C921CFA377900133525 /* DCPicscrollView */ = {
			isa = PBXGroup;
			children = (
				6C060C8E1CFA377900133525 /* DCPicScrollView.h */,
				6C060C8F1CFA377900133525 /* DCPicScrollView.m */,
				6C060C901CFA377900133525 /* DCWebImageManager.h */,
				6C060C911CFA377900133525 /* DCWebImageManager.m */,
			);
			name = DCPicscrollView;
			path = "/Users/ardee/360云盘/我的黑苹果/MHD/用心/AppraisalSystem/AppraisalSystem/../../../第三方类库/DCPicScrollView广告轮播banner可以网络图片/DCWebPicScrollView/DCPicscrollView";
			sourceTree = "<absolute>";
		};
		6C060C951CFA3AC900133525 /* bannerImg */ = {
			isa = PBXGroup;
			children = (
				6C060C961CFA3AC900133525 /* banner1.jpg */,
				6C060C971CFA3AC900133525 /* banner2.jpg */,
				6C060C981CFA3AC900133525 /* banner3.jpg */,
				6C060C991CFA3AC900133525 /* banner4.jpg */,
			);
			path = bannerImg;
			sourceTree = "<group>";
		};
		6CFF3E671CF8744E0075B21C = {
			isa = PBXGroup;
			children = (
				6CFF3E721CF8744E0075B21C /* VideoRanker */,
				6CFF3E8C1CF8744E0075B21C /* VideoRankerTests */,
				6CFF3E971CF8744E0075B21C /* VideoRankerUITests */,
				6CFF3E711CF8744E0075B21C /* Products */,
			);
			sourceTree = "<group>";
		};
		6CFF3E711CF8744E0075B21C /* Products */ = {
			isa = PBXGroup;
			children = (
				6CFF3E701CF8744E0075B21C /* VideoRanker.app */,
				6CFF3E891CF8744E0075B21C /* VideoRankerTests.xctest */,
				6CFF3E941CF8744E0075B21C /* VideoRankerUITests.xctest */,
			);
			name = Products;
			sourceTree = "<group>";
		};
		6CFF3E721CF8744E0075B21C /* VideoRanker */ = {
			isa = PBXGroup;
			children = (
				6CFF3EB21CF87CB20075B21C /* OtherPart */,
				6CFF3EA71CF87B3C0075B21C /* Home */,
				6CFF3EA81CF87B3C0075B21C /* Rank */,
				6CFF3EA61CF87B3C0075B21C /* ALL */,
				6CFF3E761CF8744E0075B21C /* AppDelegate.h */,
				6CFF3E771CF8744E0075B21C /* AppDelegate.m */,
				6CFF3E791CF8744E0075B21C /* ViewController.h */,
				6CFF3E7A1CF8744E0075B21C /* ViewController.m */,
				6CFF3E7C1CF8744E0075B21C /* Main.storyboard */,
				6CFF3E7F1CF8744E0075B21C /* Assets.xcassets */,
				6CFF3E811CF8744E0075B21C /* LaunchScreen.storyboard */,
				6CFF3E841CF8744E0075B21C /* Info.plist */,
				6CFF3E731CF8744E0075B21C /* Supporting Files */,
			);
			path = VideoRanker;
			sourceTree = "<group>";
		};
		6CFF3E731CF8744E0075B21C /* Supporting Files */ = {
			isa = PBXGroup;
			children = (
				6CF975691CFC83D000E2E4C5 /* allPng.png */,
				6CF9756A1CFC83D000E2E4C5 /* rankPng.png */,
				6C060C951CFA3AC900133525 /* bannerImg */,
				6C060C6F1CFA347E00133525 /* test2.jpg */,
				6C060C6D1CFA2DE400133525 /* test1.jpg */,
				6CFF3E741CF8744E0075B21C /* main.m */,
			);
			name = "Supporting Files";
			sourceTree = "<group>";
		};
		6CFF3E8C1CF8744E0075B21C /* VideoRankerTests */ = {
			isa = PBXGroup;
			children = (
				6CFF3E8D1CF8744E0075B21C /* VideoRankerTests.m */,
				6CFF3E8F1CF8744E0075B21C /* Info.plist */,
			);
			path = VideoRankerTests;
			sourceTree = "<group>";
		};
		6CFF3E971CF8744E0075B21C /* VideoRankerUITests */ = {
			isa = PBXGroup;
			children = (
				6CFF3E981CF8744E0075B21C /* VideoRankerUITests.m */,
				6CFF3E9A1CF8744E0075B21C /* Info.plist */,
			);
			path = VideoRankerUITests;
			sourceTree = "<group>";
		};
		6CFF3EA61CF87B3C0075B21C /* ALL */ = {
			isa = PBXGroup;
			children = (
				6CFF3EB11CF87C4E0075B21C /* AllM */,
				6CFF3EB01CF87C460075B21C /* AllV */,
				6CFF3EAF1CF87C3A0075B21C /* AllC */,
			);
			path = ALL;
			sourceTree = "<group>";
		};
		6CFF3EA71CF87B3C0075B21C /* Home */ = {
			isa = PBXGroup;
			children = (
				6CFF3EAB1CF87C0D0075B21C /* HomeM */,
				6CFF3EAA1CF87C050075B21C /* HomeV */,
				6CFF3EA91CF87BF50075B21C /* HomeC */,
			);
			path = Home;
			sourceTree = "<group>";
		};
		6CFF3EA81CF87B3C0075B21C /* Rank */ = {
			isa = PBXGroup;
			children = (
				6CFF3EAE1CF87C2E0075B21C /* RankM */,
				6CFF3EAD1CF87C250075B21C /* RankV */,
				6CFF3EAC1CF87C190075B21C /* RankC */,
			);
			path = Rank;
			sourceTree = "<group>";
		};
		6CFF3EA91CF87BF50075B21C /* HomeC */ = {
			isa = PBXGroup;
			children = (
				6CFF3EE91CF880FB0075B21C /* HomeViewController.h */,
				6CFF3EEA1CF880FB0075B21C /* HomeViewController.m */,
				6CFF3EEB1CF880FB0075B21C /* HomeViewController.xib */,
				6C060C681CFA296500133525 /* HomeCell.h */,
				6C060C691CFA296500133525 /* HomeCell.m */,
				6C060C6A1CFA296500133525 /* HomeCell.xib */,
			);
			name = HomeC;
			sourceTree = "<group>";
		};
		6CFF3EAA1CF87C050075B21C /* HomeV */ = {
			isa = PBXGroup;
			children = (
			);
			name = HomeV;
			sourceTree = "<group>";
		};
		6CFF3EAB1CF87C0D0075B21C /* HomeM */ = {
			isa = PBXGroup;
			children = (
			);
			name = HomeM;
			sourceTree = "<group>";
		};
		6CFF3EAC1CF87C190075B21C /* RankC */ = {
			isa = PBXGroup;
			children = (
				6CFF3EEE1CF881300075B21C /* RankViewController.h */,
				6CFF3EEF1CF881300075B21C /* RankViewController.m */,
				6CFF3EF01CF881300075B21C /* RankViewController.xib */,
			);
			name = RankC;
			sourceTree = "<group>";
		};
		6CFF3EAD1CF87C250075B21C /* RankV */ = {
			isa = PBXGroup;
			children = (
			);
			name = RankV;
			sourceTree = "<group>";
		};
		6CFF3EAE1CF87C2E0075B21C /* RankM */ = {
			isa = PBXGroup;
			children = (
			);
			name = RankM;
			sourceTree = "<group>";
		};
		6CFF3EAF1CF87C3A0075B21C /* AllC */ = {
			isa = PBXGroup;
			children = (
				6CFF3EF31CF881680075B21C /* AllViewController.h */,
				6CFF3EF41CF881680075B21C /* AllViewController.m */,
				6CFF3EF51CF881680075B21C /* AllViewController.xib */,
			);
			name = AllC;
			sourceTree = "<group>";
		};
		6CFF3EB01CF87C460075B21C /* AllV */ = {
			isa = PBXGroup;
			children = (
			);
			name = AllV;
			sourceTree = "<group>";
		};
		6CFF3EB11CF87C4E0075B21C /* AllM */ = {
			isa = PBXGroup;
			children = (
			);
			name = AllM;
			sourceTree = "<group>";
		};
		6CFF3EB21CF87CB20075B21C /* OtherPart */ = {
			isa = PBXGroup;
			children = (
				6C060C921CFA377900133525 /* DCPicscrollView */,
				6C060C711CFA34E300133525 /* SDWebImage */,
				6CFF3ED11CF87CED0075B21C /* Tools */,
			);
			path = OtherPart;
			sourceTree = "<group>";
		};
		6CFF3EB51CF87CED0075B21C /* Views */ = {
			isa = PBXGroup;
			children = (
				6CFF3EB31CF87CED0075B21C /* YGHUIBarButtonItem.h */,
				6CFF3EB41CF87CED0075B21C /* YGHUIBarButtonItem.m */,
			);
			name = Views;
			sourceTree = "<group>";
		};
		6CFF3EC31CF87CED0075B21C /* TabBarImage */ = {
			isa = PBXGroup;
			children = (
				6C01E7981CF98F5000FF15C0 /* TabImg */,
				6CFF3EB61CF87CED0075B21C /* category_default@2x.png */,
				6CFF3EB71CF87CED0075B21C /* category_selected@2x.png */,
				6CFF3EB81CF87CED0075B21C /* homePage_default@2x.png */,
				6CFF3EB91CF87CED0075B21C /* homePage_selected@2x.png */,
				6CFF3EBA1CF87CED0075B21C /* myYigou_default@2x.png */,
				6CFF3EBB1CF87CED0075B21C /* myYigou_selected@2x.png */,
				6CFF3EBC1CF87CED0075B21C /* search_default@2x.png */,
				6CFF3EBD1CF87CED0075B21C /* search_selected@2x.png */,
				6CFF3EBE1CF87CED0075B21C /* shopCart_default@2x.png */,
				6CFF3EBF1CF87CED0075B21C /* shopCart_selected@2x.png */,
				6CFF3EC01CF87CED0075B21C /* bagePoint@2x.png */,
				6CFF3EC11CF87CED0075B21C /* nav_back_normal@2x.png */,
				6CFF3EC21CF87CED0075B21C /* nav_back_select@2x.png */,
			);
			path = TabBarImage;
			sourceTree = "<group>";
		};
		6CFF3ED01CF87CED0075B21C /* TabBar */ = {
			isa = PBXGroup;
			children = (
				6CFF3EC41CF87CED0075B21C /* YGHTabBarController.h */,
				6CFF3EC51CF87CED0075B21C /* YGHTabBarController.m */,
				6CFF3EC61CF87CED0075B21C /* YGHScreenShotNavViewController.h */,
				6CFF3EC71CF87CED0075B21C /* YGHScreenShotNavViewController.m */,
				6CFF3EC81CF87CED0075B21C /* YGHScreenShotView.h */,
				6CFF3EC91CF87CED0075B21C /* YGHScreenShotView.m */,
				6CFF3ECA1CF87CED0075B21C /* YGHAuthManagerNavViewController.h */,
				6CFF3ECB1CF87CED0075B21C /* YGHAuthManagerNavViewController.m */,
				6CFF3ECC1CF87CED0075B21C /* YGHAuthNavigationBar.h */,
				6CFF3ECD1CF87CED0075B21C /* YGHAuthNavigationBar.m */,
				6CFF3ECE1CF87CED0075B21C /* NSObject+BoardManage.h */,
				6CFF3ECF1CF87CED0075B21C /* NSObject+BoardManage.m */,
			);
			path = TabBar;
			sourceTree = "<group>";
		};
		6CFF3ED11CF87CED0075B21C /* Tools */ = {
			isa = PBXGroup;
			children = (
				6C01E7971CF989AB00FF15C0 /* Header.h */,
				6CFF3EB51CF87CED0075B21C /* Views */,
				6CFF3EC31CF87CED0075B21C /* TabBarImage */,
				6CFF3ED01CF87CED0075B21C /* TabBar */,
			);
			name = Tools;
			path = ../../../../../../../Desktop/YGHTabBar/YGHTabBar/Tools;
			sourceTree = "<group>";
		};
/* End PBXGroup section */

/* Begin PBXNativeTarget section */
		6CFF3E6F1CF8744E0075B21C /* VideoRanker */ = {
			isa = PBXNativeTarget;
			buildConfigurationList = 6CFF3E9D1CF8744E0075B21C /* Build configuration list for PBXNativeTarget "VideoRanker" */;
			buildPhases = (
				6CFF3E6C1CF8744E0075B21C /* Sources */,
				6CFF3E6D1CF8744E0075B21C /* Frameworks */,
				6CFF3E6E1CF8744E0075B21C /* Resources */,
			);
			buildRules = (
			);
			dependencies = (
			);
			name = VideoRanker;
			productName = VideoRanker;
			productReference = 6CFF3E701CF8744E0075B21C /* VideoRanker.app */;
			productType = "com.apple.product-type.application";
		};
		6CFF3E881CF8744E0075B21C /* VideoRankerTests */ = {
			isa = PBXNativeTarget;
			buildConfigurationList = 6CFF3EA01CF8744E0075B21C /* Build configuration list for PBXNativeTarget "VideoRankerTests" */;
			buildPhases = (
				6CFF3E851CF8744E0075B21C /* Sources */,
				6CFF3E861CF8744E0075B21C /* Frameworks */,
				6CFF3E871CF8744E0075B21C /* Resources */,
			);
			buildRules = (
			);
			dependencies = (
				6CFF3E8B1CF8744E0075B21C /* PBXTargetDependency */,
			);
			name = VideoRankerTests;
			productName = VideoRankerTests;
			productReference = 6CFF3E891CF8744E0075B21C /* VideoRankerTests.xctest */;
			productType = "com.apple.product-type.bundle.unit-test";
		};
		6CFF3E931CF8744E0075B21C /* VideoRankerUITests */ = {
			isa = PBXNativeTarget;
			buildConfigurationList = 6CFF3EA31CF8744E0075B21C /* Build configuration list for PBXNativeTarget "VideoRankerUITests" */;
			buildPhases = (
				6CFF3E901CF8744E0075B21C /* Sources */,
				6CFF3E911CF8744E0075B21C /* Frameworks */,
				6CFF3E921CF8744E0075B21C /* Resources */,
			);
			buildRules = (
			);
			dependencies = (
				6CFF3E961CF8744E0075B21C /* PBXTargetDependency */,
			);
			name = VideoRankerUITests;
			productName = VideoRankerUITests;
			productReference = 6CFF3E941CF8744E0075B21C /* VideoRankerUITests.xctest */;
			productType = "com.apple.product-type.bundle.ui-testing";
		};
/* End PBXNativeTarget section */

/* Begin PBXProject section */
		6CFF3E681CF8744E0075B21C /* Project object */ = {
			isa = PBXProject;
			attributes = {
				LastUpgradeCheck = 0720;
				ORGANIZATIONNAME = Ardee;
				TargetAttributes = {
					6CFF3E6F1CF8744E0075B21C = {
						CreatedOnToolsVersion = 7.2;
					};
					6CFF3E881CF8744E0075B21C = {
						CreatedOnToolsVersion = 7.2;
						TestTargetID = 6CFF3E6F1CF8744E0075B21C;
					};
					6CFF3E931CF8744E0075B21C = {
						CreatedOnToolsVersion = 7.2;
						TestTargetID = 6CFF3E6F1CF8744E0075B21C;
					};
				};
			};
			buildConfigurationList = 6CFF3E6B1CF8744E0075B21C /* Build configuration list for PBXProject "VideoRanker" */;
			compatibilityVersion = "Xcode 3.2";
			developmentRegion = English;
			hasScannedForEncodings = 0;
			knownRegions = (
				en,
				Base,
			);
			mainGroup = 6CFF3E671CF8744E0075B21C;
			productRefGroup = 6CFF3E711CF8744E0075B21C /* Products */;
			projectDirPath = "";
			projectRoot = "";
			targets = (
				6CFF3E6F1CF8744E0075B21C /* VideoRanker */,
				6CFF3E881CF8744E0075B21C /* VideoRankerTests */,
				6CFF3E931CF8744E0075B21C /* VideoRankerUITests */,
			);
		};
/* End PBXProject section */

/* Begin PBXResourcesBuildPhase section */
		6CFF3E6E1CF8744E0075B21C /* Resources */ = {
			isa = PBXResourcesBuildPhase;
			buildActionMask = 2147483647;
			files = (
				6CFF3EDB1CF87CED0075B21C /* shopCart_default@2x.png in Resources */,
				6CFF3ED51CF87CED0075B21C /* homePage_default@2x.png in Resources */,
				6C060C701CFA347E00133525 /* test2.jpg in Resources */,
				6C01E7A11CF98F5000FF15C0 /* home.png in Resources */,
				6C060C9D1CFA3AC900133525 /* banner4.jpg in Resources */,
				6C01E7A01CF98F5000FF15C0 /* allS.png in Resources */,
				6CFF3E831CF8744E0075B21C /* LaunchScreen.storyboard in Resources */,
				6CFF3ED71CF87CED0075B21C /* myYigou_default@2x.png in Resources */,
				6C060C6C1CFA296500133525 /* HomeCell.xib in Resources */,
				6CFF3ED41CF87CED0075B21C /* category_selected@2x.png in Resources */,
				6C060C6E1CFA2DE400133525 /* test1.jpg in Resources */,
				6C060C9B1CFA3AC900133525 /* banner2.jpg in Resources */,
				6C01E7A41CF98F5000FF15C0 /* rankS.png in Resources */,
				6CFF3EDA1CF87CED0075B21C /* search_selected@2x.png in Resources */,
				6CFF3EDD1CF87CED0075B21C /* bagePoint@2x.png in Resources */,
				6CF9756C1CFC83D000E2E4C5 /* rankPng.png in Resources */,
				6C01E7A21CF98F5000FF15C0 /* homeS.png in Resources */,
				6CFF3EF71CF881680075B21C /* AllViewController.xib in Resources */,
				6CFF3EDF1CF87CED0075B21C /* nav_back_select@2x.png in Resources */,
				6CFF3EDC1CF87CED0075B21C /* shopCart_selected@2x.png in Resources */,
				6CFF3ED91CF87CED0075B21C /* search_default@2x.png in Resources */,
				6C060C9C1CFA3AC900133525 /* banner3.jpg in Resources */,
				6C060C9A1CFA3AC900133525 /* banner1.jpg in Resources */,
				6CFF3E801CF8744E0075B21C /* Assets.xcassets in Resources */,
				6CFF3ED81CF87CED0075B21C /* myYigou_selected@2x.png in Resources */,
				6CFF3EF21CF881300075B21C /* RankViewController.xib in Resources */,
				6CFF3ED31CF87CED0075B21C /* category_default@2x.png in Resources */,
				6CFF3EED1CF880FB0075B21C /* HomeViewController.xib in Resources */,
				6CFF3ED61CF87CED0075B21C /* homePage_selected@2x.png in Resources */,
				6CF9756B1CFC83D000E2E4C5 /* allPng.png in Resources */,
				6CFF3E7E1CF8744E0075B21C /* Main.storyboard in Resources */,
				6CFF3EDE1CF87CED0075B21C /* nav_back_normal@2x.png in Resources */,
				6C01E79F1CF98F5000FF15C0 /* all.png in Resources */,
				6C01E7A31CF98F5000FF15C0 /* rank.png in Resources */,
			);
			runOnlyForDeploymentPostprocessing = 0;
		};
		6CFF3E871CF8744E0075B21C /* Resources */ = {
			isa = PBXResourcesBuildPhase;
			buildActionMask = 2147483647;
			files = (
			);
			runOnlyForDeploymentPostprocessing = 0;
		};
		6CFF3E921CF8744E0075B21C /* Resources */ = {
			isa = PBXResourcesBuildPhase;
			buildActionMask = 2147483647;
			files = (
			);
			runOnlyForDeploymentPostprocessing = 0;
		};
/* End PBXResourcesBuildPhase section */

/* Begin PBXSourcesBuildPhase section */
		6CFF3E6C1CF8744E0075B21C /* Sources */ = {
			isa = PBXSourcesBuildPhase;
			buildActionMask = 2147483647;
			files = (
				6C060C8D1CFA34E300133525 /* UIImageView+WebCache.m in Sources */,
				6C060C941CFA377900133525 /* DCWebImageManager.m in Sources */,
				6CFF3EE11CF87CED0075B21C /* YGHScreenShotNavViewController.m in Sources */,
				6C060C8B1CFA34E300133525 /* SDWebImagePrefetcher.m in Sources */,
				6CFF3EE21CF87CED0075B21C /* YGHScreenShotView.m in Sources */,
				6CFF3EF11CF881300075B21C /* RankViewController.m in Sources */,
				6CFF3E7B1CF8744E0075B21C /* ViewController.m in Sources */,
				6CFF3ED21CF87CED0075B21C /* YGHUIBarButtonItem.m in Sources */,
				6CFF3EE41CF87CED0075B21C /* YGHAuthNavigationBar.m in Sources */,
				6C060C931CFA377900133525 /* DCPicScrollView.m in Sources */,
				6C060C8C1CFA34E300133525 /* UIButton+WebCache.m in Sources */,
				6CFF3EE01CF87CED0075B21C /* YGHTabBarController.m in Sources */,
				6C060C881CFA34E300133525 /* SDWebImageDecoder.m in Sources */,
				6C060C871CFA34E300133525 /* SDImageCache.m in Sources */,
				6CFF3EEC1CF880FB0075B21C /* HomeViewController.m in Sources */,
				6C060C891CFA34E300133525 /* SDWebImageDownloader.m in Sources */,
				6C060C861CFA34E300133525 /* MKAnnotationView+WebCache.m in Sources */,
				6CFF3E781CF8744E0075B21C /* AppDelegate.m in Sources */,
				6CFF3EE51CF87CED0075B21C /* NSObject+BoardManage.m in Sources */,
				6CFF3E751CF8744E0075B21C /* main.m in Sources */,
				6C060C8A1CFA34E300133525 /* SDWebImageManager.m in Sources */,
				6CFF3EE31CF87CED0075B21C /* YGHAuthManagerNavViewController.m in Sources */,
				6C060C6B1CFA296500133525 /* HomeCell.m in Sources */,
				6CFF3EF61CF881680075B21C /* AllViewController.m in Sources */,
			);
			runOnlyForDeploymentPostprocessing = 0;
		};
		6CFF3E851CF8744E0075B21C /* Sources */ = {
			isa = PBXSourcesBuildPhase;
			buildActionMask = 2147483647;
			files = (
				6CFF3E8E1CF8744E0075B21C /* VideoRankerTests.m in Sources */,
			);
			runOnlyForDeploymentPostprocessing = 0;
		};
		6CFF3E901CF8744E0075B21C /* Sources */ = {
			isa = PBXSourcesBuildPhase;
			buildActionMask = 2147483647;
			files = (
				6CFF3E991CF8744E0075B21C /* VideoRankerUITests.m in Sources */,
			);
			runOnlyForDeploymentPostprocessing = 0;
		};
/* End PBXSourcesBuildPhase section */

/* Begin PBXTargetDependency section */
		6CFF3E8B1CF8744E0075B21C /* PBXTargetDependency */ = {
			isa = PBXTargetDependency;
			target = 6CFF3E6F1CF8744E0075B21C /* VideoRanker */;
			targetProxy = 6CFF3E8A1CF8744E0075B21C /* PBXContainerItemProxy */;
		};
		6CFF3E961CF8744E0075B21C /* PBXTargetDependency */ = {
			isa = PBXTargetDependency;
			target = 6CFF3E6F1CF8744E0075B21C /* VideoRanker */;
			targetProxy = 6CFF3E951CF8744E0075B21C /* PBXContainerItemProxy */;
		};
/* End PBXTargetDependency section */

/* Begin PBXVariantGroup section */
		6CFF3E7C1CF8744E0075B21C /* Main.storyboard */ = {
			isa = PBXVariantGroup;
			children = (
				6CFF3E7D1CF8744E0075B21C /* Base */,
			);
			name = Main.storyboard;
			sourceTree = "<group>";
		};
		6CFF3E811CF8744E0075B21C /* LaunchScreen.storyboard */ = {
			isa = PBXVariantGroup;
			children = (
				6CFF3E821CF8744E0075B21C /* Base */,
			);
			name = LaunchScreen.storyboard;
			sourceTree = "<group>";
		};
/* End PBXVariantGroup section */

/* Begin XCBuildConfiguration section */
		6CFF3E9B1CF8744E0075B21C /* Debug */ = {
			isa = XCBuildConfiguration;
			buildSettings = {
				ALWAYS_SEARCH_USER_PATHS = NO;
				CLANG_CXX_LANGUAGE_STANDARD = "gnu++0x";
				CLANG_CXX_LIBRARY = "libc++";
				CLANG_ENABLE_MODULES = YES;
				CLANG_ENABLE_OBJC_ARC = YES;
				CLANG_WARN_BOOL_CONVERSION = YES;
				CLANG_WARN_CONSTANT_CONVERSION = YES;
				CLANG_WARN_DIRECT_OBJC_ISA_USAGE = YES_ERROR;
				CLANG_WARN_EMPTY_BODY = YES;
				CLANG_WARN_ENUM_CONVERSION = YES;
				CLANG_WARN_INT_CONVERSION = YES;
				CLANG_WARN_OBJC_ROOT_CLASS = YES_ERROR;
				CLANG_WARN_UNREACHABLE_CODE = YES;
				CLANG_WARN__DUPLICATE_METHOD_MATCH = YES;
				"CODE_SIGN_IDENTITY[sdk=iphoneos*]" = "iPhone Developer";
				COPY_PHASE_STRIP = NO;
				DEBUG_INFORMATION_FORMAT = dwarf;
				ENABLE_STRICT_OBJC_MSGSEND = YES;
				ENABLE_TESTABILITY = YES;
				GCC_C_LANGUAGE_STANDARD = gnu99;
				GCC_DYNAMIC_NO_PIC = NO;
				GCC_NO_COMMON_BLOCKS = YES;
				GCC_OPTIMIZATION_LEVEL = 0;
				GCC_PREPROCESSOR_DEFINITIONS = (
					"DEBUG=1",
					"$(inherited)",
				);
				GCC_WARN_64_TO_32_BIT_CONVERSION = YES;
				GCC_WARN_ABOUT_RETURN_TYPE = YES_ERROR;
				GCC_WARN_UNDECLARED_SELECTOR = YES;
				GCC_WARN_UNINITIALIZED_AUTOS = YES_AGGRESSIVE;
				GCC_WARN_UNUSED_FUNCTION = YES;
				GCC_WARN_UNUSED_VARIABLE = YES;
				IPHONEOS_DEPLOYMENT_TARGET = 9.2;
				MTL_ENABLE_DEBUG_INFO = YES;
				ONLY_ACTIVE_ARCH = YES;
				SDKROOT = iphoneos;
			};
			name = Debug;
		};
		6CFF3E9C1CF8744E0075B21C /* Release */ = {
			isa = XCBuildConfiguration;
			buildSettings = {
				ALWAYS_SEARCH_USER_PATHS = NO;
				CLANG_CXX_LANGUAGE_STANDARD = "gnu++0x";
				CLANG_CXX_LIBRARY = "libc++";
				CLANG_ENABLE_MODULES = YES;
				CLANG_ENABLE_OBJC_ARC = YES;
				CLANG_WARN_BOOL_CONVERSION = YES;
				CLANG_WARN_CONSTANT_CONVERSION = YES;
				CLANG_WARN_DIRECT_OBJC_ISA_USAGE = YES_ERROR;
				CLANG_WARN_EMPTY_BODY = YES;
				CLANG_WARN_ENUM_CONVERSION = YES;
				CLANG_WARN_INT_CONVERSION = YES;
				CLANG_WARN_OBJC_ROOT_CLASS = YES_ERROR;
				CLANG_WARN_UNREACHABLE_CODE = YES;
				CLANG_WARN__DUPLICATE_METHOD_MATCH = YES;
				"CODE_SIGN_IDENTITY[sdk=iphoneos*]" = "iPhone Developer";
				COPY_PHASE_STRIP = NO;
				DEBUG_INFORMATION_FORMAT = "dwarf-with-dsym";
				ENABLE_NS_ASSERTIONS = NO;
				ENABLE_STRICT_OBJC_MSGSEND = YES;
				GCC_C_LANGUAGE_STANDARD = gnu99;
				GCC_NO_COMMON_BLOCKS = YES;
				GCC_WARN_64_TO_32_BIT_CONVERSION = YES;
				GCC_WARN_ABOUT_RETURN_TYPE = YES_ERROR;
				GCC_WARN_UNDECLARED_SELECTOR = YES;
				GCC_WARN_UNINITIALIZED_AUTOS = YES_AGGRESSIVE;
				GCC_WARN_UNUSED_FUNCTION = YES;
				GCC_WARN_UNUSED_VARIABLE = YES;
				IPHONEOS_DEPLOYMENT_TARGET = 9.2;
				MTL_ENABLE_DEBUG_INFO = NO;
				SDKROOT = iphoneos;
				VALIDATE_PRODUCT = YES;
			};
			name = Release;
		};
		6CFF3E9E1CF8744E0075B21C /* Debug */ = {
			isa = XCBuildConfiguration;
			buildSettings = {
				ASSETCATALOG_COMPILER_APPICON_NAME = AppIcon;
				ENABLE_STRICT_OBJC_MSGSEND = NO;
				INFOPLIST_FILE = VideoRanker/Info.plist;
				LD_RUNPATH_SEARCH_PATHS = "$(inherited) @executable_path/Frameworks";
				PRODUCT_BUNDLE_IDENTIFIER = com.9c324.Train.VideoRanker;
				PRODUCT_NAME = "$(TARGET_NAME)";
			};
			name = Debug;
		};
		6CFF3E9F1CF8744E0075B21C /* Release */ = {
			isa = XCBuildConfiguration;
			buildSettings = {
				ASSETCATALOG_COMPILER_APPICON_NAME = AppIcon;
				ENABLE_STRICT_OBJC_MSGSEND = NO;
				INFOPLIST_FILE = VideoRanker/Info.plist;
				LD_RUNPATH_SEARCH_PATHS = "$(inherited) @executable_path/Frameworks";
				PRODUCT_BUNDLE_IDENTIFIER = com.9c324.Train.VideoRanker;
				PRODUCT_NAME = "$(TARGET_NAME)";
			};
			name = Release;
		};
		6CFF3EA11CF8744E0075B21C /* Debug */ = {
			isa = XCBuildConfiguration;
			buildSettings = {
				BUNDLE_LOADER = "$(TEST_HOST)";
				INFOPLIST_FILE = VideoRankerTests/Info.plist;
				LD_RUNPATH_SEARCH_PATHS = "$(inherited) @executable_path/Frameworks @loader_path/Frameworks";
				PRODUCT_BUNDLE_IDENTIFIER = com.9c324.Train.VideoRankerTests;
				PRODUCT_NAME = "$(TARGET_NAME)";
				TEST_HOST = "$(BUILT_PRODUCTS_DIR)/VideoRanker.app/VideoRanker";
			};
			name = Debug;
		};
		6CFF3EA21CF8744E0075B21C /* Release */ = {
			isa = XCBuildConfiguration;
			buildSettings = {
				BUNDLE_LOADER = "$(TEST_HOST)";
				INFOPLIST_FILE = VideoRankerTests/Info.plist;
				LD_RUNPATH_SEARCH_PATHS = "$(inherited) @executable_path/Frameworks @loader_path/Frameworks";
				PRODUCT_BUNDLE_IDENTIFIER = com.9c324.Train.VideoRankerTests;
				PRODUCT_NAME = "$(TARGET_NAME)";
				TEST_HOST = "$(BUILT_PRODUCTS_DIR)/VideoRanker.app/VideoRanker";
			};
			name = Release;
		};
		6CFF3EA41CF8744E0075B21C /* Debug */ = {
			isa = XCBuildConfiguration;
			buildSettings = {
				INFOPLIST_FILE = VideoRankerUITests/Info.plist;
				LD_RUNPATH_SEARCH_PATHS = "$(inherited) @executable_path/Frameworks @loader_path/Frameworks";
				PRODUCT_BUNDLE_IDENTIFIER = com.9c324.Train.VideoRankerUITests;
				PRODUCT_NAME = "$(TARGET_NAME)";
				TEST_TARGET_NAME = VideoRanker;
				USES_XCTRUNNER = YES;
			};
			name = Debug;
		};
		6CFF3EA51CF8744E0075B21C /* Release */ = {
			isa = XCBuildConfiguration;
			buildSettings = {
				INFOPLIST_FILE = VideoRankerUITests/Info.plist;
				LD_RUNPATH_SEARCH_PATHS = "$(inherited) @executable_path/Frameworks @loader_path/Frameworks";
				PRODUCT_BUNDLE_IDENTIFIER = com.9c324.Train.VideoRankerUITests;
				PRODUCT_NAME = "$(TARGET_NAME)";
				TEST_TARGET_NAME = VideoRanker;
				USES_XCTRUNNER = YES;
			};
			name = Release;
		};
/* End XCBuildConfiguration section */

/* Begin XCConfigurationList section */
		6CFF3E6B1CF8744E0075B21C /* Build configuration list for PBXProject "VideoRanker" */ = {
			isa = XCConfigurationList;
			buildConfigurations = (
				6CFF3E9B1CF8744E0075B21C /* Debug */,
				6CFF3E9C1CF8744E0075B21C /* Release */,
			);
			defaultConfigurationIsVisible = 0;
			defaultConfigurationName = Release;
		};
		6CFF3E9D1CF8744E0075B21C /* Build configuration list for PBXNativeTarget "VideoRanker" */ = {
			isa = XCConfigurationList;
			buildConfigurations = (
				6CFF3E9E1CF8744E0075B21C /* Debug */,
				6CFF3E9F1CF8744E0075B21C /* Release */,
			);
			defaultConfigurationIsVisible = 0;
			defaultConfigurationName = Release;
		};
		6CFF3EA01CF8744E0075B21C /* Build configuration list for PBXNativeTarget "VideoRankerTests" */ = {
			isa = XCConfigurationList;
			buildConfigurations = (
				6CFF3EA11CF8744E0075B21C /* Debug */,
				6CFF3EA21CF8744E0075B21C /* Release */,
			);
			defaultConfigurationIsVisible = 0;
			defaultConfigurationName = Release;
		};
		6CFF3EA31CF8744E0075B21C /* Build configuration list for PBXNativeTarget "VideoRankerUITests" */ = {
			isa = XCConfigurationList;
			buildConfigurations = (
				6CFF3EA41CF8744E0075B21C /* Debug */,
				6CFF3EA51CF8744E0075B21C /* Release */,
			);
			defaultConfigurationIsVisible = 0;
			defaultConfigurationName = Release;
		};
/* End XCConfigurationList section */
	};
	rootObject = 6CFF3E681CF8744E0075B21C /* Project object */;
}
